
Microsoft Visual Studio Solution File, Format Version 12.00
# Visual Studio 15
VisualStudioVersion = 15.0.28307.329
MinimumVisualStudioVersion = 10.0.40219.1
Project("{FAE04EC0-301F-11D3-BF4B-00C04F79EFBC}") = "Enterprise_Resource_planning", "Enterprise_Resource_planning\Enterprise_Resource_planning.csproj", "{3C66C521-39A0-4E48-B8A5-3AB0ECBA4E80}"
EndProject
Global
	GlobalSection(SolutionConfigurationPlatforms) = preSolution
		Debug|Any CPU = Debug|Any CPU
		Release|Any CPU = Release|Any CPU
	EndGlobalSection
	GlobalSection(ProjectConfigurationPlatforms) = postSolution
		{3C66C521-39A0-4E48-B8A5-3AB0ECBA4E80}.Debug|Any CPU.ActiveCfg = Debug|Any CPU
		{3C66C521-39A0-4E48-B8A5-3AB0ECBA4E80}.Debug|Any CPU.Build.0 = Debug|Any CPU
		{3C66C521-39A0-4E48-B8A5-3AB0ECBA4E80}.Release|Any CPU.ActiveCfg = Release|Any CPU
		{3C66C521-39A0-4E48-B8A5-3AB0ECBA4E80}.Release|Any CPU.Build.0 = Release|Any CPU
	EndGlobalSection
	GlobalSection(SolutionProperties) = preSolution
		HideSolutionNode = FALSE
	EndGlobalSection
	GlobalSection(ExtensibilityGlobals) = postSolution
		SolutionGuid = {C2054E74-8EE2-4B98-B06A-6017EA31072D}
	EndGlobalSection
EndGlobal
